
Microsoft Visual Studio Solution File, Format Version 12.00
# Visual Studio 15
VisualStudioVersion = 15.0.27004.2002
MinimumVisualStudioVersion = 10.0.40219.1
Project("{9A19103F-16F7-4668-BE54-9A1E7A4F7556}") = "TheWebsite", "TheWebsite\TheWebsite.csproj", "{5EADDCB1-15E8-434C-97B3-E7DA95BD0F20}"
EndProject
Global
	GlobalSection(SolutionConfigurationPlatforms) = preSolution
		Debug|Any CPU = Debug|Any CPU
		Release|Any CPU = Release|Any CPU
	EndGlobalSection
	GlobalSection(ProjectConfigurationPlatforms) = postSolution
		{5EADDCB1-15E8-434C-97B3-E7DA95BD0F20}.Debug|Any CPU.ActiveCfg = Debug|Any CPU
		{5EADDCB1-15E8-434C-97B3-E7DA95BD0F20}.Debug|Any CPU.Build.0 = Debug|Any CPU
		{5EADDCB1-15E8-434C-97B3-E7DA95BD0F20}.Release|Any CPU.ActiveCfg = Release|Any CPU
		{5EADDCB1-15E8-434C-97B3-E7DA95BD0F20}.Release|Any CPU.Build.0 = Release|Any CPU
	EndGlobalSection
	GlobalSection(SolutionProperties) = preSolution
		HideSolutionNode = FALSE
	EndGlobalSection
	GlobalSection(ExtensibilityGlobals) = postSolution
		SolutionGuid = {1FFED78E-C14B-4674-9129-B7EBD8C05379}
	EndGlobalSection
EndGlobal
